
Microsoft Visual Studio Solution File, Format Version 12.00
# Visual Studio 15
VisualStudioVersion = 15.0.27004.2002
MinimumVisualStudioVersion = 10.0.40219.1
Project("{FAE04EC0-301F-11D3-BF4B-00C04F79EFBC}") = "DisplayPyramid_Console", "DisplayPyramid_Console\DisplayPyramid_Console.csproj", "{7AD2C624-3E99-410E-936B-D684593D8FAE}"
EndProject
Global
	GlobalSection(SolutionConfigurationPlatforms) = preSolution
		Debug|Any CPU = Debug|Any CPU
		Release|Any CPU = Release|Any CPU
	EndGlobalSection
	GlobalSection(ProjectConfigurationPlatforms) = postSolution
		{7AD2C624-3E99-410E-936B-D684593D8FAE}.Debug|Any CPU.ActiveCfg = Debug|Any CPU
		{7AD2C624-3E99-410E-936B-D684593D8FAE}.Debug|Any CPU.Build.0 = Debug|Any CPU
		{7AD2C624-3E99-410E-936B-D684593D8FAE}.Release|Any CPU.ActiveCfg = Release|Any CPU
		{7AD2C624-3E99-410E-936B-D684593D8FAE}.Release|Any CPU.Build.0 = Release|Any CPU
	EndGlobalSection
	GlobalSection(SolutionProperties) = preSolution
		HideSolutionNode = FALSE
	EndGlobalSection
	GlobalSection(ExtensibilityGlobals) = postSolution
		SolutionGuid = {4109F947-AC40-46D5-88EC-A3A8E7E855DD}
	EndGlobalSection
EndGlobal
